
Microsoft Visual Studio Solution File, Format Version 12.00
# Visual Studio Version 17
VisualStudioVersion = 17.1.32414.318
MinimumVisualStudioVersion = 10.0.40219.1
Project("{9A19103F-16F7-4668-BE54-9A1E7A4F7556}") = "analise-libvlc", "analise-libvlc.csproj", "{9422A943-2C99-4559-AFF3-1C8945BA7847}"
EndProject
Project("{9A19103F-16F7-4668-BE54-9A1E7A4F7556}") = "VLC_Media_Player_2", "..\VLC_Media_Player_2\VLC_Media_Player_2.csproj", "{3D36F7AC-E23E-4240-A572-303CF9655AFB}"
EndProject
Project("{9A19103F-16F7-4668-BE54-9A1E7A4F7556}") = "LibVLCSharp", "..\..\LibVLCSharp\src\LibVLCSharp\LibVLCSharp.csproj", "{8CD2E643-FEF6-4438-BDE7-C8A3DB104E30}"
EndProject
Global
	GlobalSection(SolutionConfigurationPlatforms) = preSolution
		Debug|Any CPU = Debug|Any CPU
		Release|Any CPU = Release|Any CPU
		Win32Debug|Any CPU = Win32Debug|Any CPU
		Win32Release|Any CPU = Win32Release|Any CPU
	EndGlobalSection
	GlobalSection(ProjectConfigurationPlatforms) = postSolution
		{9422A943-2C99-4559-AFF3-1C8945BA7847}.Debug|Any CPU.ActiveCfg = Debug|Any CPU
		{9422A943-2C99-4559-AFF3-1C8945BA7847}.Debug|Any CPU.Build.0 = Debug|Any CPU
		{9422A943-2C99-4559-AFF3-1C8945BA7847}.Release|Any CPU.ActiveCfg = Release|Any CPU
		{9422A943-2C99-4559-AFF3-1C8945BA7847}.Release|Any CPU.Build.0 = Release|Any CPU
		{9422A943-2C99-4559-AFF3-1C8945BA7847}.Win32Debug|Any CPU.ActiveCfg = Debug|Any CPU
		{9422A943-2C99-4559-AFF3-1C8945BA7847}.Win32Debug|Any CPU.Build.0 = Debug|Any CPU
		{9422A943-2C99-4559-AFF3-1C8945BA7847}.Win32Release|Any CPU.ActiveCfg = Release|Any CPU
		{9422A943-2C99-4559-AFF3-1C8945BA7847}.Win32Release|Any CPU.Build.0 = Release|Any CPU
		{3D36F7AC-E23E-4240-A572-303CF9655AFB}.Debug|Any CPU.ActiveCfg = Debug|Any CPU
		{3D36F7AC-E23E-4240-A572-303CF9655AFB}.Debug|Any CPU.Build.0 = Debug|Any CPU
		{3D36F7AC-E23E-4240-A572-303CF9655AFB}.Release|Any CPU.ActiveCfg = Release|Any CPU
		{3D36F7AC-E23E-4240-A572-303CF9655AFB}.Release|Any CPU.Build.0 = Release|Any CPU
		{3D36F7AC-E23E-4240-A572-303CF9655AFB}.Win32Debug|Any CPU.ActiveCfg = Debug|Any CPU
		{3D36F7AC-E23E-4240-A572-303CF9655AFB}.Win32Debug|Any CPU.Build.0 = Debug|Any CPU
		{3D36F7AC-E23E-4240-A572-303CF9655AFB}.Win32Release|Any CPU.ActiveCfg = Release|Any CPU
		{3D36F7AC-E23E-4240-A572-303CF9655AFB}.Win32Release|Any CPU.Build.0 = Release|Any CPU
		{8CD2E643-FEF6-4438-BDE7-C8A3DB104E30}.Debug|Any CPU.ActiveCfg = Debug|Any CPU
		{8CD2E643-FEF6-4438-BDE7-C8A3DB104E30}.Debug|Any CPU.Build.0 = Debug|Any CPU
		{8CD2E643-FEF6-4438-BDE7-C8A3DB104E30}.Release|Any CPU.ActiveCfg = Release|Any CPU
		{8CD2E643-FEF6-4438-BDE7-C8A3DB104E30}.Release|Any CPU.Build.0 = Release|Any CPU
		{8CD2E643-FEF6-4438-BDE7-C8A3DB104E30}.Win32Debug|Any CPU.ActiveCfg = Win32Debug|Any CPU
		{8CD2E643-FEF6-4438-BDE7-C8A3DB104E30}.Win32Debug|Any CPU.Build.0 = Win32Debug|Any CPU
		{8CD2E643-FEF6-4438-BDE7-C8A3DB104E30}.Win32Release|Any CPU.ActiveCfg = Win32Release|Any CPU
		{8CD2E643-FEF6-4438-BDE7-C8A3DB104E30}.Win32Release|Any CPU.Build.0 = Win32Release|Any CPU
	EndGlobalSection
	GlobalSection(SolutionProperties) = preSolution
		HideSolutionNode = FALSE
	EndGlobalSection
	GlobalSection(ExtensibilityGlobals) = postSolution
		SolutionGuid = {AFF2A946-8E85-4996-A1B8-5199CF4DCB0F}
	EndGlobalSection
EndGlobal
